<Solution>
  <Folder Name="/1. Apresentacao/">
    <Project Path="MCPLab.Web/MCPLab.Web.csproj" />
  </Folder>
  <Folder Name="/2. API/">
    <Project Path="MCPLab.Api/MCPLab.Api.csproj" />
  </Folder>
  <Folder Name="/3. MCP/">
    <Project Path="MCPLab.McpServer.Ollama/MCPLab.McpServer.Ollama.csproj" Id="7926ec5c-1718-4027-b9ed-a3055ad2327b" />
    <Project Path="MCPLab.McpServer/MCPLab.McpServer.csproj" />
  </Folder>
</Solution>
